
Microsoft Visual Studio Solution File, Format Version 12.00
# Visual Studio Version 17
VisualStudioVersion = 17.11.35327.3
MinimumVisualStudioVersion = 10.0.40219.1
Project("{FAE04EC0-301F-11D3-BF4B-00C04F79EFBC}") = "laba5", "laba5\laba5.csproj", "{6A900E33-8487-495E-AF03-47DC3F642E5E}"
EndProject
Global
	GlobalSection(SolutionConfigurationPlatforms) = preSolution
		Debug|Any CPU = Debug|Any CPU
		Release|Any CPU = Release|Any CPU
	EndGlobalSection
	GlobalSection(ProjectConfigurationPlatforms) = postSolution
		{6A900E33-8487-495E-AF03-47DC3F642E5E}.Debug|Any CPU.ActiveCfg = Debug|Any CPU
		{6A900E33-8487-495E-AF03-47DC3F642E5E}.Debug|Any CPU.Build.0 = Debug|Any CPU
		{6A900E33-8487-495E-AF03-47DC3F642E5E}.Release|Any CPU.ActiveCfg = Release|Any CPU
		{6A900E33-8487-495E-AF03-47DC3F642E5E}.Release|Any CPU.Build.0 = Release|Any CPU
	EndGlobalSection
	GlobalSection(SolutionProperties) = preSolution
		HideSolutionNode = FALSE
	EndGlobalSection
	GlobalSection(ExtensibilityGlobals) = postSolution
		SolutionGuid = {94BB1B91-8ED2-49CB-B2FD-9E0F642EC0F8}
	EndGlobalSection
EndGlobal
