
Microsoft Visual Studio Solution File, Format Version 12.00
# Visual Studio Version 17
VisualStudioVersion = 17.11.35312.102
MinimumVisualStudioVersion = 10.0.40219.1
Project("{FAE04EC0-301F-11D3-BF4B-00C04F79EFBC}") = "laba4", "laba4\laba4.csproj", "{3874B1C6-CDD1-41FA-AB2F-A8CCF730CD9B}"
EndProject
Global
	GlobalSection(SolutionConfigurationPlatforms) = preSolution
		Debug|Any CPU = Debug|Any CPU
		Release|Any CPU = Release|Any CPU
	EndGlobalSection
	GlobalSection(ProjectConfigurationPlatforms) = postSolution
		{3874B1C6-CDD1-41FA-AB2F-A8CCF730CD9B}.Debug|Any CPU.ActiveCfg = Debug|Any CPU
		{3874B1C6-CDD1-41FA-AB2F-A8CCF730CD9B}.Debug|Any CPU.Build.0 = Debug|Any CPU
		{3874B1C6-CDD1-41FA-AB2F-A8CCF730CD9B}.Release|Any CPU.ActiveCfg = Release|Any CPU
		{3874B1C6-CDD1-41FA-AB2F-A8CCF730CD9B}.Release|Any CPU.Build.0 = Release|Any CPU
	EndGlobalSection
	GlobalSection(SolutionProperties) = preSolution
		HideSolutionNode = FALSE
	EndGlobalSection
	GlobalSection(ExtensibilityGlobals) = postSolution
		SolutionGuid = {A4C00058-DFAC-4D0B-BAF6-81D7879D83B4}
	EndGlobalSection
EndGlobal
